
Microsoft Visual Studio Solution File, Format Version 12.00
# Visual Studio Version 16
VisualStudioVersion = 16.0.30711.63
MinimumVisualStudioVersion = 10.0.40219.1
Project("{FAE04EC0-301F-11D3-BF4B-00C04F79EFBC}") = "ProjTelefone", "ProjTelefone\ProjTelefone.csproj", "{1BD4B60F-461F-4E7A-B5C4-6DA283DAB4F6}"
EndProject
Global
	GlobalSection(SolutionConfigurationPlatforms) = preSolution
		Debug|Any CPU = Debug|Any CPU
		Release|Any CPU = Release|Any CPU
	EndGlobalSection
	GlobalSection(ProjectConfigurationPlatforms) = postSolution
		{1BD4B60F-461F-4E7A-B5C4-6DA283DAB4F6}.Debug|Any CPU.ActiveCfg = Debug|Any CPU
		{1BD4B60F-461F-4E7A-B5C4-6DA283DAB4F6}.Debug|Any CPU.Build.0 = Debug|Any CPU
		{1BD4B60F-461F-4E7A-B5C4-6DA283DAB4F6}.Release|Any CPU.ActiveCfg = Release|Any CPU
		{1BD4B60F-461F-4E7A-B5C4-6DA283DAB4F6}.Release|Any CPU.Build.0 = Release|Any CPU
	EndGlobalSection
	GlobalSection(SolutionProperties) = preSolution
		HideSolutionNode = FALSE
	EndGlobalSection
	GlobalSection(ExtensibilityGlobals) = postSolution
		SolutionGuid = {0D879D8F-4C43-46C9-ACF6-11EEBCD4BAE3}
	EndGlobalSection
EndGlobal
